// !$*UTF8*$!
{
	archiveVersion = 1;
	classes = {
	};
	objectVersion = 110;
	objects = {

/* Begin PBXBuildFile section */
		8BDD8F70306DB4E30036C552 /* ComposableArchitecture in Frameworks */ = {isa = PBXBuildFile; productRef = 8BDD8F6F306DB4E30036C552 /* ComposableArchitecture */; };
/* End PBXBuildFile section */

/* Begin PBXContainerItemProxy section */
		8BDD8F3A306D711A0036C552 /* PBXContainerItemProxy */ = {
			isa = PBXContainerItemProxy;
			containerPortal = 8BDD8F24306D71190036C552 /* Project object */;
			proxyType = 1;
			remoteGlobalIDString = 8BDD8F2B306D71190036C552;
			remoteInfo = "TCA-TMDB";
		};
		8BDD8F44306D711A0036C552 /* PBXContainerItemProxy */ = {
			isa = PBXContainerItemProxy;
			containerPortal = 8BDD8F24306D71190036C552 /* Project object */;
			proxyType = 1;
			remoteGlobalIDString = 8BDD8F2B306D71190036C552;
			remoteInfo = "TCA-TMDB";
		};
/* End PBXContainerItemProxy section */

/* Begin PBXFileReference section */
		8BDD8F2C306D71190036C552 /* TCA-TMDB.app */ = {isa = PBXFileReference; explicitFileType = wrapper.application; includeInIndex = 0; path = "TCA-TMDB.app"; sourceTree = BUILT_PRODUCTS_DIR; };
		8BDD8F39306D711A0036C552 /* TCA-TMDBTests.xctest */ = {isa = PBXFileReference; explicitFileType = wrapper.cfbundle; includeInIndex = 0; path = "TCA-TMDBTests.xctest"; sourceTree = BUILT_PRODUCTS_DIR; };
		8BDD8F43306D711A0036C552 /* TCA-TMDBUITests.xctest */ = {isa = PBXFileReference; explicitFileType = wrapper.cfbundle; includeInIndex = 0; path = "TCA-TMDBUITests.xctest"; sourceTree = BUILT_PRODUCTS_DIR; };
/* End PBXFileReference section */

/* Begin PBXFileSystemSynchronizedBuildFileExceptionSet section */
		8BDD8F8A306DBCDE0036C552 /* Exceptions for "TCA-TMDB" folder in "TCA-TMDB" target */ = {
			isa = PBXFileSystemSynchronizedBuildFileExceptionSet;
			membershipExceptions = (
				Info.plist,
			);
			target = 8BDD8F2B306D71190036C552 /* TCA-TMDB */;
		};
/* End PBXFileSystemSynchronizedBuildFileExceptionSet section */

/* Begin PBXFileSystemSynchronizedRootGroup section */
		8BDD8F2E306D71190036C552 /* TCA-TMDB */ = {
			isa = PBXFileSystemSynchronizedRootGroup;
			exceptions = (
				8BDD8F8A306DBCDE0036C552 /* Exceptions for "TCA-TMDB" folder in "TCA-TMDB" target */,
			);
			path = "TCA-TMDB";
			sourceTree = "<group>";
		};
		8BDD8F3C306D711A0036C552 /* TCA-TMDBTests */ = {
			isa = PBXFileSystemSynchronizedRootGroup;
			path = "TCA-TMDBTests";
			sourceTree = "<group>";
		};
		8BDD8F46306D711A0036C552 /* TCA-TMDBUITests */ = {
			isa = PBXFileSystemSynchronizedRootGroup;
			path = "TCA-TMDBUITests";
			sourceTree = "<group>";
		};
/* End PBXFileSystemSynchronizedRootGroup section */

/* Begin PBXFrameworksBuildPhase section */
		8BDD8F29306D71190036C552 /* Frameworks */ = {
			isa = PBXFrameworksBuildPhase;
			files = (
				8BDD8F70306DB4E30036C552 /* ComposableArchitecture in Frameworks */,
			);
		};
		8BDD8F36306D711A0036C552 /* Frameworks */ = {
			isa = PBXFrameworksBuildPhase;
			files = (
			);
		};
		8BDD8F40306D711A0036C552 /* Frameworks */ = {
			isa = PBXFrameworksBuildPhase;
			files = (
			);
		};
/* End PBXFrameworksBuildPhase section */

/* Begin PBXGroup section */
		8BDD8F23306D71190036C552 = {
			isa = PBXGroup;
			children = (
				8BDD8F2E306D71190036C552 /* TCA-TMDB */,
				8BDD8F3C306D711A0036C552 /* TCA-TMDBTests */,
				8BDD8F46306D711A0036C552 /* TCA-TMDBUITests */,
				8BDD8F2D306D71190036C552 /* Products */,
			);
			sourceTree = "<group>";
		};
		8BDD8F2D306D71190036C552 /* Products */ = {
			isa = PBXGroup;
			children = (
				8BDD8F2C306D71190036C552 /* TCA-TMDB.app */,
				8BDD8F39306D711A0036C552 /* TCA-TMDBTests.xctest */,
				8BDD8F43306D711A0036C552 /* TCA-TMDBUITests.xctest */,
			);
			name = Products;
			sourceTree = "<group>";
		};
/* End PBXGroup section */

/* Begin PBXNativeTarget section */
		8BDD8F2B306D71190036C552 /* TCA-TMDB */ = {
			isa = PBXNativeTarget;
			buildConfigurationList = 8BDD8F4B306D711A0036C552 /* Build configuration list for PBXNativeTarget "TCA-TMDB" */;
			buildPhases = (
				8BDD8F28306D71190036C552 /* Sources */,
				8BDD8F29306D71190036C552 /* Frameworks */,
				8BDD8F2A306D71190036C552 /* Resources */,
			);
			buildRules = (
			);
			fileSystemSynchronizedGroups = (
				8BDD8F2E306D71190036C552 /* TCA-TMDB */,
			);
			name = "TCA-TMDB";
			packageProductDependencies = (
				8BDD8F6F306DB4E30036C552 /* ComposableArchitecture */,
			);
			productName = "TCA-TMDB";
			productReference = 8BDD8F2C306D71190036C552 /* TCA-TMDB.app */;
			productType = "com.apple.product-type.application";
		};
		8BDD8F38306D711A0036C552 /* TCA-TMDBTests */ = {
			isa = PBXNativeTarget;
			buildConfigurationList = 8BDD8F4E306D711A0036C552 /* Build configuration list for PBXNativeTarget "TCA-TMDBTests" */;
			buildPhases = (
				8BDD8F35306D711A0036C552 /* Sources */,
				8BDD8F36306D711A0036C552 /* Frameworks */,
				8BDD8F37306D711A0036C552 /* Resources */,
			);
			buildRules = (
			);
			dependencies = (
				8BDD8F3B306D711A0036C552 /* PBXTargetDependency */,
			);
			fileSystemSynchronizedGroups = (
				8BDD8F3C306D711A0036C552 /* TCA-TMDBTests */,
			);
			name = "TCA-TMDBTests";
			productName = "TCA-TMDBTests";
			productReference = 8BDD8F39306D711A0036C552 /* TCA-TMDBTests.xctest */;
			productType = "com.apple.product-type.bundle.unit-test";
		};
		8BDD8F42306D711A0036C552 /* TCA-TMDBUITests */ = {
			isa = PBXNativeTarget;
			buildConfigurationList = 8BDD8F51306D711A0036C552 /* Build configuration list for PBXNativeTarget "TCA-TMDBUITests" */;
			buildPhases = (
				8BDD8F3F306D711A0036C552 /* Sources */,
				8BDD8F40306D711A0036C552 /* Frameworks */,
				8BDD8F41306D711A0036C552 /* Resources */,
			);
			buildRules = (
			);
			dependencies = (
				8BDD8F45306D711A0036C552 /* PBXTargetDependency */,
			);
			fileSystemSynchronizedGroups = (
				8BDD8F46306D711A0036C552 /* TCA-TMDBUITests */,
			);
			name = "TCA-TMDBUITests";
			productName = "TCA-TMDBUITests";
			productReference = 8BDD8F43306D711A0036C552 /* TCA-TMDBUITests.xctest */;
			productType = "com.apple.product-type.bundle.ui-testing";
		};
/* End PBXNativeTarget section */

/* Begin PBXProject section */
		8BDD8F24306D71190036C552 /* Project object */ = {
			isa = PBXProject;
			attributes = {
				BuildIndependentTargetsInParallel = 1;
				LastSwiftUpdateCheck = 2700;
				LastUpgradeCheck = 2700;
				TargetAttributes = {
					8BDD8F2B306D71190036C552 = {
						CreatedOnToolsVersion = 27.0;
					};
					8BDD8F38306D711A0036C552 = {
						CreatedOnToolsVersion = 27.0;
						TestTargetID = 8BDD8F2B306D71190036C552;
					};
					8BDD8F42306D711A0036C552 = {
						CreatedOnToolsVersion = 27.0;
						TestTargetID = 8BDD8F2B306D71190036C552;
					};
				};
			};
			buildConfigurationList = 8BDD8F27306D71190036C552 /* Build configuration list for PBXProject "TCA-TMDB" */;
			developmentRegion = en;
			hasScannedForEncodings = 0;
			knownRegions = (
				en,
				Base,
			);
			mainGroup = 8BDD8F23306D71190036C552;
			minimizedProjectReferenceProxies = 1;
			packageReferences = (
				8BDD8F6E306DB4E30036C552 /* XCRemoteSwiftPackageReference "swift-composable-architecture" */,
			);
			preferredProjectObjectVersion = 77;
			productRefGroup = 8BDD8F2D306D71190036C552 /* Products */;
			projectDirPath = "";
			projectRoot = "";
			targets = (
				8BDD8F2B306D71190036C552 /* TCA-TMDB */,
				8BDD8F38306D711A0036C552 /* TCA-TMDBTests */,
				8BDD8F42306D711A0036C552 /* TCA-TMDBUITests */,
			);
		};
/* End PBXProject section */

/* Begin PBXResourcesBuildPhase section */
		8BDD8F2A306D71190036C552 /* Resources */ = {
			isa = PBXResourcesBuildPhase;
			files = (
			);
		};
		8BDD8F37306D711A0036C552 /* Resources */ = {
			isa = PBXResourcesBuildPhase;
			files = (
			);
		};
		8BDD8F41306D711A0036C552 /* Resources */ = {
			isa = PBXResourcesBuildPhase;
			files = (
			);
		};
/* End PBXResourcesBuildPhase section */

/* Begin PBXSourcesBuildPhase section */
		8BDD8F28306D71190036C552 /* Sources */ = {
			isa = PBXSourcesBuildPhase;
			files = (
			);
		};
		8BDD8F35306D711A0036C552 /* Sources */ = {
			isa = PBXSourcesBuildPhase;
			files = (
			);
		};
		8BDD8F3F306D711A0036C552 /* Sources */ = {
			isa = PBXSourcesBuildPhase;
			files = (
			);
		};
/* End PBXSourcesBuildPhase section */

/* Begin PBXTargetDependency section */
		8BDD8F3B306D711A0036C552 /* PBXTargetDependency */ = {
			isa = PBXTargetDependency;
			target = 8BDD8F2B306D71190036C552 /* TCA-TMDB */;
			targetProxy = 8BDD8F3A306D711A0036C552 /* PBXContainerItemProxy */;
		};
		8BDD8F45306D711A0036C552 /* PBXTargetDependency */ = {
			isa = PBXTargetDependency;
			target = 8BDD8F2B306D71190036C552 /* TCA-TMDB */;
			targetProxy = 8BDD8F44306D711A0036C552 /* PBXContainerItemProxy */;
		};
/* End PBXTargetDependency section */

/* Begin XCBuildConfiguration section */
		8BDD8F49306D711A0036C552 /* Debug configuration for PBXProject "TCA-TMDB" */ = {
			isa = XCBuildConfiguration;
			buildSettings = {
				ALWAYS_SEARCH_USER_PATHS = NO;
				ASSETCATALOG_COMPILER_GENERATE_SWIFT_ASSET_SYMBOL_EXTENSIONS = YES;
				CLANG_ANALYZER_NONNULL = YES;
				CLANG_ANALYZER_NUMBER_OBJECT_CONVERSION = YES_AGGRESSIVE;
				CLANG_CXX_LANGUAGE_STANDARD = "gnu++20";
				CLANG_ENABLE_MODULES = YES;
				CLANG_ENABLE_OBJC_ARC = YES;
				CLANG_ENABLE_OBJC_WEAK = YES;
				CLANG_WARN_BLOCK_CAPTURE_AUTORELEASING = YES;
				CLANG_WARN_BOOL_CONVERSION = YES;
				CLANG_WARN_COMMA = YES;
				CLANG_WARN_CONSTANT_CONVERSION = YES;
				CLANG_WARN_DEPRECATED_OBJC_IMPLEMENTATIONS = YES;
				CLANG_WARN_DIRECT_OBJC_ISA_USAGE = YES_ERROR;
				CLANG_WARN_DOCUMENTATION_COMMENTS = YES;
				CLANG_WARN_EMPTY_BODY = YES;
				CLANG_WARN_ENUM_CONVERSION = YES;
				CLANG_WARN_INFINITE_RECURSION = YES;
				CLANG_WARN_INT_CONVERSION = YES;
				CLANG_WARN_NON_LITERAL_NULL_CONVERSION = YES;
				CLANG_WARN_OBJC_IMPLICIT_RETAIN_SELF = YES;
				CLANG_WARN_OBJC_LITERAL_CONVERSION = YES;
				CLANG_WARN_OBJC_ROOT_CLASS = YES_ERROR;
				CLANG_WARN_QUOTED_INCLUDE_IN_FRAMEWORK_HEADER = YES;
				CLANG_WARN_RANGE_LOOP_ANALYSIS = YES;
				CLANG_WARN_STRICT_PROTOTYPES = YES;
				CLANG_WARN_SUSPICIOUS_MOVE = YES;
				CLANG_WARN_UNGUARDED_AVAILABILITY = YES_AGGRESSIVE;
				CLANG_WARN_UNREACHABLE_CODE = YES;
				CLANG_WARN__DUPLICATE_METHOD_MATCH = YES;
				COPY_PHASE_STRIP = NO;
				DEBUG_INFORMATION_FORMAT = dwarf;
				DEVELOPMENT_TEAM = M3F68V6NQG;
				ENABLE_STRICT_OBJC_MSGSEND = YES;
				ENABLE_TESTABILITY = YES;
				ENABLE_USER_SCRIPT_SANDBOXING = YES;
				GCC_C_LANGUAGE_STANDARD = gnu17;
				GCC_DYNAMIC_NO_PIC = NO;
				GCC_NO_COMMON_BLOCKS = YES;
				GCC_OPTIMIZATION_LEVEL = 0;
				GCC_PREPROCESSOR_DEFINITIONS = (
					"DEBUG=1",
					"$(inherited)",
				);
				GCC_WARN_64_TO_32_BIT_CONVERSION = YES;
				GCC_WARN_ABOUT_RETURN_TYPE = YES_ERROR;
				GCC_WARN_UNDECLARED_SELECTOR = YES;
				GCC_WARN_UNINITIALIZED_AUTOS = YES_AGGRESSIVE;
				GCC_WARN_UNUSED_FUNCTION = YES;
				GCC_WARN_UNUSED_VARIABLE = YES;
				IPHONEOS_DEPLOYMENT_TARGET = 27.0;
				LOCALIZATION_PREFERS_STRING_CATALOGS = YES;
				MTL_ENABLE_DEBUG_INFO = INCLUDE_SOURCE;
				MTL_FAST_MATH = YES;
				ONLY_ACTIVE_ARCH = YES;
				SDKROOT = iphoneos;
				SWIFT_ACTIVE_COMPILATION_CONDITIONS = "DEBUG $(inherited)";
				SWIFT_OPTIMIZATION_LEVEL = "-Onone";
			};
			name = Debug;
		};
		8BDD8F4A306D711A0036C552 /* Release configuration for PBXProject "TCA-TMDB" */ = {
			isa = XCBuildConfiguration;
			buildSettings = {
				ALWAYS_SEARCH_USER_PATHS = NO;
				ASSETCATALOG_COMPILER_GENERATE_SWIFT_ASSET_SYMBOL_EXTENSIONS = YES;
				CLANG_ANALYZER_NONNULL = YES;
				CLANG_ANALYZER_NUMBER_OBJECT_CONVERSION = YES_AGGRESSIVE;
				CLANG_CXX_LANGUAGE_STANDARD = "gnu++20";
				CLANG_ENABLE_MODULES = YES;
				CLANG_ENABLE_OBJC_ARC = YES;
				CLANG_ENABLE_OBJC_WEAK = YES;
				CLANG_WARN_BLOCK_CAPTURE_AUTORELEASING = YES;
				CLANG_WARN_BOOL_CONVERSION = YES;
				CLANG_WARN_COMMA = YES;
				CLANG_WARN_CONSTANT_CONVERSION = YES;
				CLANG_WARN_DEPRECATED_OBJC_IMPLEMENTATIONS = YES;
				CLANG_WARN_DIRECT_OBJC_ISA_USAGE = YES_ERROR;
				CLANG_WARN_DOCUMENTATION_COMMENTS = YES;
				CLANG_WARN_EMPTY_BODY = YES;
				CLANG_WARN_ENUM_CONVERSION = YES;
				CLANG_WARN_INFINITE_RECURSION = YES;
				CLANG_WARN_INT_CONVERSION = YES;
				CLANG_WARN_NON_LITERAL_NULL_CONVERSION = YES;
				CLANG_WARN_OBJC_IMPLICIT_RETAIN_SELF = YES;
				CLANG_WARN_OBJC_LITERAL_CONVERSION = YES;
				CLANG_WARN_OBJC_ROOT_CLASS = YES_ERROR;
				CLANG_WARN_QUOTED_INCLUDE_IN_FRAMEWORK_HEADER = YES;
				CLANG_WARN_RANGE_LOOP_ANALYSIS = YES;
				CLANG_WARN_STRICT_PROTOTYPES = YES;
				CLANG_WARN_SUSPICIOUS_MOVE = YES;
				CLANG_WARN_UNGUARDED_AVAILABILITY = YES_AGGRESSIVE;
				CLANG_WARN_UNREACHABLE_CODE = YES;
				CLANG_WARN__DUPLICATE_METHOD_MATCH = YES;
				COPY_PHASE_STRIP = NO;
				DEBUG_INFORMATION_FORMAT = "dwarf-with-dsym";
				DEVELOPMENT_TEAM = M3F68V6NQG;
				ENABLE_NS_ASSERTIONS = NO;
				ENABLE_STRICT_OBJC_MSGSEND = YES;
				ENABLE_USER_SCRIPT_SANDBOXING = YES;
				GCC_C_LANGUAGE_STANDARD = gnu17;
				GCC_NO_COMMON_BLOCKS = YES;
				GCC_WARN_64_TO_32_BIT_CONVERSION = YES;
				GCC_WARN_ABOUT_RETURN_TYPE = YES_ERROR;
				GCC_WARN_UNDECLARED_SELECTOR = YES;
				GCC_WARN_UNINITIALIZED_AUTOS = YES_AGGRESSIVE;
				GCC_WARN_UNUSED_FUNCTION = YES;
				GCC_WARN_UNUSED_VARIABLE = YES;
				IPHONEOS_DEPLOYMENT_TARGET = 27.0;
				LOCALIZATION_PREFERS_STRING_CATALOGS = YES;
				MTL_ENABLE_DEBUG_INFO = NO;
				MTL_FAST_MATH = YES;
				SDKROOT = iphoneos;
				SWIFT_COMPILATION_MODE = wholemodule;
				VALIDATE_PRODUCT = YES;
			};
			name = Release;
		};
		8BDD8F4C306D711A0036C552 /* Debug configuration for PBXNativeTarget "TCA-TMDB" */ = {
			isa = XCBuildConfiguration;
			buildSettings = {
				ASSETCATALOG_COMPILER_APPICON_NAME = AppIcon;
				ASSETCATALOG_COMPILER_GLOBAL_ACCENT_COLOR_NAME = AccentColor;
				CODE_SIGN_STYLE = Automatic;
				CURRENT_PROJECT_VERSION = 1;
				DEVELOPMENT_TEAM = M3F68V6NQG;
				ENABLE_PREVIEWS = YES;
				GENERATE_INFOPLIST_FILE = YES;
				INFOPLIST_FILE = "TCA-TMDB/Info.plist";
				INFOPLIST_KEY_UIApplicationSceneManifest_Generation = YES;
				INFOPLIST_KEY_UIApplicationSupportsIndirectInputEvents = YES;
				INFOPLIST_KEY_UILaunchScreen_Generation = YES;
				INFOPLIST_KEY_UISupportedInterfaceOrientations_iPad = "UIInterfaceOrientationPortrait UIInterfaceOrientationPortraitUpsideDown UIInterfaceOrientationLandscapeLeft UIInterfaceOrientationLandscapeRight";
				INFOPLIST_KEY_UISupportedInterfaceOrientations_iPhone = "UIInterfaceOrientationPortrait UIInterfaceOrientationLandscapeLeft UIInterfaceOrientationLandscapeRight";
				LD_RUNPATH_SEARCH_PATHS = (
					"$(inherited)",
					"@executable_path/Frameworks",
				);
				MARKETING_VERSION = 1.0;
				PRODUCT_BUNDLE_IDENTIFIER = "com.ivarun.TCA-TMDB";
				PRODUCT_NAME = "$(TARGET_NAME)";
				STRING_CATALOG_GENERATE_SYMBOLS = YES;
				SWIFT_APPROACHABLE_CONCURRENCY = YES;
				SWIFT_DEFAULT_ACTOR_ISOLATION = MainActor;
				SWIFT_EMIT_LOC_STRINGS = YES;
				SWIFT_UPCOMING_FEATURE_MEMBER_IMPORT_VISIBILITY = YES;
				SWIFT_VERSION = 5.0;
				TARGETED_DEVICE_FAMILY = "1,2";
			};
			name = Debug;
		};
		8BDD8F4D306D711A0036C552 /* Release configuration for PBXNativeTarget "TCA-TMDB" */ = {
			isa = XCBuildConfiguration;
			buildSettings = {
				ASSETCATALOG_COMPILER_APPICON_NAME = AppIcon;
				ASSETCATALOG_COMPILER_GLOBAL_ACCENT_COLOR_NAME = AccentColor;
				CODE_SIGN_STYLE = Automatic;
				CURRENT_PROJECT_VERSION = 1;
				DEVELOPMENT_TEAM = M3F68V6NQG;
				ENABLE_PREVIEWS = YES;
				GENERATE_INFOPLIST_FILE = YES;
				INFOPLIST_FILE = "TCA-TMDB/Info.plist";
				INFOPLIST_KEY_UIApplicationSceneManifest_Generation = YES;
				INFOPLIST_KEY_UIApplicationSupportsIndirectInputEvents = YES;
				INFOPLIST_KEY_UILaunchScreen_Generation = YES;
				INFOPLIST_KEY_UISupportedInterfaceOrientations_iPad = "UIInterfaceOrientationPortrait UIInterfaceOrientationPortraitUpsideDown UIInterfaceOrientationLandscapeLeft UIInterfaceOrientationLandscapeRight";
				INFOPLIST_KEY_UISupportedInterfaceOrientations_iPhone = "UIInterfaceOrientationPortrait UIInterfaceOrientationLandscapeLeft UIInterfaceOrientationLandscapeRight";
				LD_RUNPATH_SEARCH_PATHS = (
					"$(inherited)",
					"@executable_path/Frameworks",
				);
				MARKETING_VERSION = 1.0;
				PRODUCT_BUNDLE_IDENTIFIER = "com.ivarun.TCA-TMDB";
				PRODUCT_NAME = "$(TARGET_NAME)";
				STRING_CATALOG_GENERATE_SYMBOLS = YES;
				SWIFT_APPROACHABLE_CONCURRENCY = YES;
				SWIFT_DEFAULT_ACTOR_ISOLATION = MainActor;
				SWIFT_EMIT_LOC_STRINGS = YES;
				SWIFT_UPCOMING_FEATURE_MEMBER_IMPORT_VISIBILITY = YES;
				SWIFT_VERSION = 5.0;
				TARGETED_DEVICE_FAMILY = "1,2";
			};
			name = Release;
		};
		8BDD8F4F306D711A0036C552 /* Debug configuration for PBXNativeTarget "TCA-TMDBTests" */ = {
			isa = XCBuildConfiguration;
			buildSettings = {
				BUNDLE_LOADER = "$(TEST_HOST)";
				CODE_SIGN_STYLE = Automatic;
				CURRENT_PROJECT_VERSION = 1;
				DEVELOPMENT_TEAM = M3F68V6NQG;
				GENERATE_INFOPLIST_FILE = YES;
				IPHONEOS_DEPLOYMENT_TARGET = 27.0;
				MARKETING_VERSION = 1.0;
				PRODUCT_BUNDLE_IDENTIFIER = "com.ivarun.TCA-TMDBTests";
				PRODUCT_NAME = "$(TARGET_NAME)";
				STRING_CATALOG_GENERATE_SYMBOLS = NO;
				SWIFT_APPROACHABLE_CONCURRENCY = YES;
				SWIFT_EMIT_LOC_STRINGS = NO;
				SWIFT_UPCOMING_FEATURE_MEMBER_IMPORT_VISIBILITY = YES;
				SWIFT_VERSION = 5.0;
				TARGETED_DEVICE_FAMILY = "1,2";
				TEST_HOST = "$(BUILT_PRODUCTS_DIR)/TCA-TMDB.app/$(BUNDLE_EXECUTABLE_FOLDER_PATH)/TCA-TMDB";
			};
			name = Debug;
		};
		8BDD8F50306D711A0036C552 /* Release configuration for PBXNativeTarget "TCA-TMDBTests" */ = {
			isa = XCBuildConfiguration;
			buildSettings = {
				BUNDLE_LOADER = "$(TEST_HOST)";
				CODE_SIGN_STYLE = Automatic;
				CURRENT_PROJECT_VERSION = 1;
				DEVELOPMENT_TEAM = M3F68V6NQG;
				GENERATE_INFOPLIST_FILE = YES;
				IPHONEOS_DEPLOYMENT_TARGET = 27.0;
				MARKETING_VERSION = 1.0;
				PRODUCT_BUNDLE_IDENTIFIER = "com.ivarun.TCA-TMDBTests";
				PRODUCT_NAME = "$(TARGET_NAME)";
				STRING_CATALOG_GENERATE_SYMBOLS = NO;
				SWIFT_APPROACHABLE_CONCURRENCY = YES;
				SWIFT_EMIT_LOC_STRINGS = NO;
				SWIFT_UPCOMING_FEATURE_MEMBER_IMPORT_VISIBILITY = YES;
				SWIFT_VERSION = 5.0;
				TARGETED_DEVICE_FAMILY = "1,2";
				TEST_HOST = "$(BUILT_PRODUCTS_DIR)/TCA-TMDB.app/$(BUNDLE_EXECUTABLE_FOLDER_PATH)/TCA-TMDB";
			};
			name = Release;
		};
		8BDD8F52306D711A0036C552 /* Debug configuration for PBXNativeTarget "TCA-TMDBUITests" */ = {
			isa = XCBuildConfiguration;
			buildSettings = {
				CODE_SIGN_STYLE = Automatic;
				CURRENT_PROJECT_VERSION = 1;
				DEVELOPMENT_TEAM = M3F68V6NQG;
				GENERATE_INFOPLIST_FILE = YES;
				MARKETING_VERSION = 1.0;
				PRODUCT_BUNDLE_IDENTIFIER = "com.ivarun.TCA-TMDBUITests";
				PRODUCT_NAME = "$(TARGET_NAME)";
				STRING_CATALOG_GENERATE_SYMBOLS = NO;
				SWIFT_APPROACHABLE_CONCURRENCY = YES;
				SWIFT_EMIT_LOC_STRINGS = NO;
				SWIFT_UPCOMING_FEATURE_MEMBER_IMPORT_VISIBILITY = YES;
				SWIFT_VERSION = 5.0;
				TARGETED_DEVICE_FAMILY = "1,2";
				TEST_TARGET_NAME = "TCA-TMDB";
			};
			name = Debug;
		};
		8BDD8F53306D711A0036C552 /* Release configuration for PBXNativeTarget "TCA-TMDBUITests" */ = {
			isa = XCBuildConfiguration;
			buildSettings = {
				CODE_SIGN_STYLE = Automatic;
				CURRENT_PROJECT_VERSION = 1;
				DEVELOPMENT_TEAM = M3F68V6NQG;
				GENERATE_INFOPLIST_FILE = YES;
				MARKETING_VERSION = 1.0;
				PRODUCT_BUNDLE_IDENTIFIER = "com.ivarun.TCA-TMDBUITests";
				PRODUCT_NAME = "$(TARGET_NAME)";
				STRING_CATALOG_GENERATE_SYMBOLS = NO;
				SWIFT_APPROACHABLE_CONCURRENCY = YES;
				SWIFT_EMIT_LOC_STRINGS = NO;
				SWIFT_UPCOMING_FEATURE_MEMBER_IMPORT_VISIBILITY = YES;
				SWIFT_VERSION = 5.0;
				TARGETED_DEVICE_FAMILY = "1,2";
				TEST_TARGET_NAME = "TCA-TMDB";
			};
			name = Release;
		};
/* End XCBuildConfiguration section */

/* Begin XCConfigurationList section */
		8BDD8F27306D71190036C552 /* Build configuration list for PBXProject "TCA-TMDB" */ = {
			isa = XCConfigurationList;
			buildConfigurations = (
				8BDD8F49306D711A0036C552 /* Debug configuration for PBXProject "TCA-TMDB" */,
				8BDD8F4A306D711A0036C552 /* Release configuration for PBXProject "TCA-TMDB" */,
			);
			defaultConfigurationName = Release;
		};
		8BDD8F4B306D711A0036C552 /* Build configuration list for PBXNativeTarget "TCA-TMDB" */ = {
			isa = XCConfigurationList;
			buildConfigurations = (
				8BDD8F4C306D711A0036C552 /* Debug configuration for PBXNativeTarget "TCA-TMDB" */,
				8BDD8F4D306D711A0036C552 /* Release configuration for PBXNativeTarget "TCA-TMDB" */,
			);
			defaultConfigurationName = Release;
		};
		8BDD8F4E306D711A0036C552 /* Build configuration list for PBXNativeTarget "TCA-TMDBTests" */ = {
			isa = XCConfigurationList;
			buildConfigurations = (
				8BDD8F4F306D711A0036C552 /* Debug configuration for PBXNativeTarget "TCA-TMDBTests" */,
				8BDD8F50306D711A0036C552 /* Release configuration for PBXNativeTarget "TCA-TMDBTests" */,
			);
			defaultConfigurationName = Release;
		};
		8BDD8F51306D711A0036C552 /* Build configuration list for PBXNativeTarget "TCA-TMDBUITests" */ = {
			isa = XCConfigurationList;
			buildConfigurations = (
				8BDD8F52306D711A0036C552 /* Debug configuration for PBXNativeTarget "TCA-TMDBUITests" */,
				8BDD8F53306D711A0036C552 /* Release configuration for PBXNativeTarget "TCA-TMDBUITests" */,
			);
			defaultConfigurationName = Release;
		};
/* End XCConfigurationList section */

/* Begin XCRemoteSwiftPackageReference section */
		8BDD8F6E306DB4E30036C552 /* XCRemoteSwiftPackageReference "swift-composable-architecture" */ = {
			isa = XCRemoteSwiftPackageReference;
			repositoryURL = "https://github.com/pointfreeco/swift-composable-architecture";
			requirement = {
				kind = upToNextMajorVersion;
				minimumVersion = 1.26.2;
			};
		};
/* End XCRemoteSwiftPackageReference section */

/* Begin XCSwiftPackageProductDependency section */
		8BDD8F6F306DB4E30036C552 /* ComposableArchitecture */ = {
			isa = XCSwiftPackageProductDependency;
			package = 8BDD8F6E306DB4E30036C552 /* XCRemoteSwiftPackageReference "swift-composable-architecture" */;
			productName = ComposableArchitecture;
		};
/* End XCSwiftPackageProductDependency section */
	};
	rootObject = 8BDD8F24306D71190036C552 /* Project object */;
	validationLevel = 1;
}
